
Microsoft Visual Studio Solution File, Format Version 12.00
# Visual Studio Version 17
VisualStudioVersion = 17.6.33829.357
MinimumVisualStudioVersion = 10.0.40219.1
Project("{FAE04EC0-301F-11D3-BF4B-00C04F79EFBC}") = "NguyenHungCuong_30_ThiCSharp", "NguyenHungCuong_30_ThiCSharp.csproj", "{0AB0EE7A-75CC-4AA7-AE93-EA38233D349B}"
EndProject
Global
	GlobalSection(SolutionConfigurationPlatforms) = preSolution
		Debug|Any CPU = Debug|Any CPU
		Release|Any CPU = Release|Any CPU
	EndGlobalSection
	GlobalSection(ProjectConfigurationPlatforms) = postSolution
		{0AB0EE7A-75CC-4AA7-AE93-EA38233D349B}.Debug|Any CPU.ActiveCfg = Debug|Any CPU
		{0AB0EE7A-75CC-4AA7-AE93-EA38233D349B}.Debug|Any CPU.Build.0 = Debug|Any CPU
		{0AB0EE7A-75CC-4AA7-AE93-EA38233D349B}.Release|Any CPU.ActiveCfg = Release|Any CPU
		{0AB0EE7A-75CC-4AA7-AE93-EA38233D349B}.Release|Any CPU.Build.0 = Release|Any CPU
	EndGlobalSection
	GlobalSection(SolutionProperties) = preSolution
		HideSolutionNode = FALSE
	EndGlobalSection
	GlobalSection(ExtensibilityGlobals) = postSolution
		SolutionGuid = {CBDD3EDF-7B47-493F-8A94-23EC2B614F07}
	EndGlobalSection
EndGlobal
